
Microsoft Visual Studio Solution File, Format Version 12.00
# Visual Studio Version 17
VisualStudioVersion = 17.13.35825.156
MinimumVisualStudioVersion = 10.0.40219.1
Project("{8BC9CEB8-8B4A-11D0-8D11-00A0C91BC942}") = "DreamEngine", "DreamEngine\DreamEngine.vcxproj", "{EBD770A5-2944-45C2-BE40-279B9BCB50D5}"
EndProject
Project("{8BC9CEB8-8B4A-11D0-8D11-00A0C91BC942}") = "ClientGame", "ClientGame\ClientGame.vcxproj", "{225A8519-A819-475C-AFA9-B97B218C86EE}"
	ProjectSection(ProjectDependencies) = postProject
		{EBD770A5-2944-45C2-BE40-279B9BCB50D5} = {EBD770A5-2944-45C2-BE40-279B9BCB50D5}
	EndProjectSection
EndProject
Global
	GlobalSection(SolutionConfigurationPlatforms) = preSolution
		Debug|x64 = Debug|x64
		Debug|x86 = Debug|x86
		Release|x64 = Release|x64
		Release|x86 = Release|x86
	EndGlobalSection
	GlobalSection(ProjectConfigurationPlatforms) = postSolution
		{EBD770A5-2944-45C2-BE40-279B9BCB50D5}.Debug|x64.ActiveCfg = Debug|x64
		{EBD770A5-2944-45C2-BE40-279B9BCB50D5}.Debug|x64.Build.0 = Debug|x64
		{EBD770A5-2944-45C2-BE40-279B9BCB50D5}.Debug|x86.ActiveCfg = Debug|Win32
		{EBD770A5-2944-45C2-BE40-279B9BCB50D5}.Debug|x86.Build.0 = Debug|Win32
		{EBD770A5-2944-45C2-BE40-279B9BCB50D5}.Release|x64.ActiveCfg = Release|x64
		{EBD770A5-2944-45C2-BE40-279B9BCB50D5}.Release|x64.Build.0 = Release|x64
		{EBD770A5-2944-45C2-BE40-279B9BCB50D5}.Release|x86.ActiveCfg = Release|Win32
		{EBD770A5-2944-45C2-BE40-279B9BCB50D5}.Release|x86.Build.0 = Release|Win32
		{225A8519-A819-475C-AFA9-B97B218C86EE}.Debug|x64.ActiveCfg = Debug|x64
		{225A8519-A819-475C-AFA9-B97B218C86EE}.Debug|x64.Build.0 = Debug|x64
		{225A8519-A819-475C-AFA9-B97B218C86EE}.Debug|x86.ActiveCfg = Debug|Win32
		{225A8519-A819-475C-AFA9-B97B218C86EE}.Debug|x86.Build.0 = Debug|Win32
		{225A8519-A819-475C-AFA9-B97B218C86EE}.Release|x64.ActiveCfg = Release|x64
		{225A8519-A819-475C-AFA9-B97B218C86EE}.Release|x64.Build.0 = Release|x64
		{225A8519-A819-475C-AFA9-B97B218C86EE}.Release|x86.ActiveCfg = Release|Win32
		{225A8519-A819-475C-AFA9-B97B218C86EE}.Release|x86.Build.0 = Release|Win32
	EndGlobalSection
	GlobalSection(SolutionProperties) = preSolution
		HideSolutionNode = FALSE
	EndGlobalSection
	GlobalSection(ExtensibilityGlobals) = postSolution
		SolutionGuid = {A67EE68F-26DB-401A-BC6C-5EBCCF29BD04}
	EndGlobalSection
EndGlobal
